
Microsoft Visual Studio Solution File, Format Version 11.00
# Visual Studio 2010
Project("{8BC9CEB8-8B4A-11D0-8D11-00A0C91BC942}") = "task5_2", "task5_2\task5_2.vcxproj", "{2275B9F8-FB03-4799-A663-451706CDE65F}"
EndProject
Global
	GlobalSection(SolutionConfigurationPlatforms) = preSolution
		Debug|Win32 = Debug|Win32
		Release|Win32 = Release|Win32
	EndGlobalSection
	GlobalSection(ProjectConfigurationPlatforms) = postSolution
		{2275B9F8-FB03-4799-A663-451706CDE65F}.Debug|Win32.ActiveCfg = Debug|Win32
		{2275B9F8-FB03-4799-A663-451706CDE65F}.Debug|Win32.Build.0 = Debug|Win32
		{2275B9F8-FB03-4799-A663-451706CDE65F}.Release|Win32.ActiveCfg = Release|Win32
		{2275B9F8-FB03-4799-A663-451706CDE65F}.Release|Win32.Build.0 = Release|Win32
	EndGlobalSection
	GlobalSection(SolutionProperties) = preSolution
		HideSolutionNode = FALSE
	EndGlobalSection
EndGlobal
