
Microsoft Visual Studio Solution File, Format Version 11.00
# Visual Studio 2010
Project("{8BC9CEB8-8B4A-11D0-8D11-00A0C91BC942}") = "Task_2_11", "Task_2_11\Task_2_11.vcxproj", "{BD82B630-45B9-44C1-85AC-48CB095638B9}"
EndProject
Global
	GlobalSection(SolutionConfigurationPlatforms) = preSolution
		Debug|Win32 = Debug|Win32
		Release|Win32 = Release|Win32
	EndGlobalSection
	GlobalSection(ProjectConfigurationPlatforms) = postSolution
		{BD82B630-45B9-44C1-85AC-48CB095638B9}.Debug|Win32.ActiveCfg = Debug|Win32
		{BD82B630-45B9-44C1-85AC-48CB095638B9}.Debug|Win32.Build.0 = Debug|Win32
		{BD82B630-45B9-44C1-85AC-48CB095638B9}.Release|Win32.ActiveCfg = Release|Win32
		{BD82B630-45B9-44C1-85AC-48CB095638B9}.Release|Win32.Build.0 = Release|Win32
	EndGlobalSection
	GlobalSection(SolutionProperties) = preSolution
		HideSolutionNode = FALSE
	EndGlobalSection
EndGlobal
