
Microsoft Visual Studio Solution File, Format Version 11.00
# Visual Studio 2010
Project("{8BC9CEB8-8B4A-11D0-8D11-00A0C91BC942}") = "task2_2", "task2_2\task2_2.vcxproj", "{D0C71F01-F2FD-4916-A888-9BA1C9900B5D}"
EndProject
Global
	GlobalSection(SolutionConfigurationPlatforms) = preSolution
		Debug|Win32 = Debug|Win32
		Release|Win32 = Release|Win32
	EndGlobalSection
	GlobalSection(ProjectConfigurationPlatforms) = postSolution
		{D0C71F01-F2FD-4916-A888-9BA1C9900B5D}.Debug|Win32.ActiveCfg = Debug|Win32
		{D0C71F01-F2FD-4916-A888-9BA1C9900B5D}.Debug|Win32.Build.0 = Debug|Win32
		{D0C71F01-F2FD-4916-A888-9BA1C9900B5D}.Release|Win32.ActiveCfg = Release|Win32
		{D0C71F01-F2FD-4916-A888-9BA1C9900B5D}.Release|Win32.Build.0 = Release|Win32
	EndGlobalSection
	GlobalSection(SolutionProperties) = preSolution
		HideSolutionNode = FALSE
	EndGlobalSection
EndGlobal
