
Microsoft Visual Studio Solution File, Format Version 11.00
# Visual Studio 2010
Project("{8BC9CEB8-8B4A-11D0-8D11-00A0C91BC942}") = "Task_1_11", "Task_1_11\Task_1_11.vcxproj", "{1F2A8B8A-106D-4D0A-BEFC-8EC1010A7995}"
EndProject
Global
	GlobalSection(SolutionConfigurationPlatforms) = preSolution
		Debug|Win32 = Debug|Win32
		Release|Win32 = Release|Win32
	EndGlobalSection
	GlobalSection(ProjectConfigurationPlatforms) = postSolution
		{1F2A8B8A-106D-4D0A-BEFC-8EC1010A7995}.Debug|Win32.ActiveCfg = Debug|Win32
		{1F2A8B8A-106D-4D0A-BEFC-8EC1010A7995}.Debug|Win32.Build.0 = Debug|Win32
		{1F2A8B8A-106D-4D0A-BEFC-8EC1010A7995}.Release|Win32.ActiveCfg = Release|Win32
		{1F2A8B8A-106D-4D0A-BEFC-8EC1010A7995}.Release|Win32.Build.0 = Release|Win32
	EndGlobalSection
	GlobalSection(SolutionProperties) = preSolution
		HideSolutionNode = FALSE
	EndGlobalSection
EndGlobal
