
Microsoft Visual Studio Solution File, Format Version 11.00
# Visual Studio 2010
Project("{8BC9CEB8-8B4A-11D0-8D11-00A0C91BC942}") = "task1_11", "task1_11\task1_11.vcxproj", "{A12036E6-4A9F-420E-9892-6015BFAC651F}"
EndProject
Global
	GlobalSection(SolutionConfigurationPlatforms) = preSolution
		Debug|Win32 = Debug|Win32
		Release|Win32 = Release|Win32
	EndGlobalSection
	GlobalSection(ProjectConfigurationPlatforms) = postSolution
		{A12036E6-4A9F-420E-9892-6015BFAC651F}.Debug|Win32.ActiveCfg = Debug|Win32
		{A12036E6-4A9F-420E-9892-6015BFAC651F}.Debug|Win32.Build.0 = Debug|Win32
		{A12036E6-4A9F-420E-9892-6015BFAC651F}.Release|Win32.ActiveCfg = Release|Win32
		{A12036E6-4A9F-420E-9892-6015BFAC651F}.Release|Win32.Build.0 = Release|Win32
	EndGlobalSection
	GlobalSection(SolutionProperties) = preSolution
		HideSolutionNode = FALSE
	EndGlobalSection
EndGlobal
