
Microsoft Visual Studio Solution File, Format Version 11.00
# Visual Studio 2010
Project("{8BC9CEB8-8B4A-11D0-8D11-00A0C91BC942}") = "task1_1", "task1_1\task1_1.vcxproj", "{A88E2C92-D26F-4F32-BF39-0D2F69975CFB}"
EndProject
Global
	GlobalSection(SolutionConfigurationPlatforms) = preSolution
		Debug|Win32 = Debug|Win32
		Release|Win32 = Release|Win32
	EndGlobalSection
	GlobalSection(ProjectConfigurationPlatforms) = postSolution
		{A88E2C92-D26F-4F32-BF39-0D2F69975CFB}.Debug|Win32.ActiveCfg = Debug|Win32
		{A88E2C92-D26F-4F32-BF39-0D2F69975CFB}.Debug|Win32.Build.0 = Debug|Win32
		{A88E2C92-D26F-4F32-BF39-0D2F69975CFB}.Release|Win32.ActiveCfg = Release|Win32
		{A88E2C92-D26F-4F32-BF39-0D2F69975CFB}.Release|Win32.Build.0 = Release|Win32
	EndGlobalSection
	GlobalSection(SolutionProperties) = preSolution
		HideSolutionNode = FALSE
	EndGlobalSection
EndGlobal
